
Microsoft Visual Studio Solution File, Format Version 12.00
# Visual Studio Version 17
VisualStudioVersion = 17.6.33829.357
MinimumVisualStudioVersion = 10.0.40219.1
Project("{8BC9CEB8-8B4A-11D0-8D11-00A0C91BC942}") = "DataContainers", "DataContainers\DataContainers.vcxproj", "{0BE88479-25B9-413C-AFF3-62A181207171}"
EndProject
Project("{8BC9CEB8-8B4A-11D0-8D11-00A0C91BC942}") = "List2", "List2\List2.vcxproj", "{2A3DB21A-21B1-4E5D-8157-6C9431FD39CB}"
EndProject
Project("{8BC9CEB8-8B4A-11D0-8D11-00A0C91BC942}") = "BinaryTree", "BinaryTree\BinaryTree.vcxproj", "{2DF7CFE3-25E4-45C7-924E-3C7AD2E6D9E8}"
EndProject
Project("{8BC9CEB8-8B4A-11D0-8D11-00A0C91BC942}") = "ListLibTest", "ListLibTest\ListLibTest.vcxproj", "{278779D3-E8CD-4F50-866B-D482C174D9CA}"
EndProject
Global
	GlobalSection(SolutionConfigurationPlatforms) = preSolution
		Debug|x64 = Debug|x64
		Debug|x86 = Debug|x86
		Release|x64 = Release|x64
		Release|x86 = Release|x86
	EndGlobalSection
	GlobalSection(ProjectConfigurationPlatforms) = postSolution
		{0BE88479-25B9-413C-AFF3-62A181207171}.Debug|x64.ActiveCfg = Debug|x64
		{0BE88479-25B9-413C-AFF3-62A181207171}.Debug|x64.Build.0 = Debug|x64
		{0BE88479-25B9-413C-AFF3-62A181207171}.Debug|x86.ActiveCfg = Debug|Win32
		{0BE88479-25B9-413C-AFF3-62A181207171}.Debug|x86.Build.0 = Debug|Win32
		{0BE88479-25B9-413C-AFF3-62A181207171}.Release|x64.ActiveCfg = Release|x64
		{0BE88479-25B9-413C-AFF3-62A181207171}.Release|x64.Build.0 = Release|x64
		{0BE88479-25B9-413C-AFF3-62A181207171}.Release|x86.ActiveCfg = Release|Win32
		{0BE88479-25B9-413C-AFF3-62A181207171}.Release|x86.Build.0 = Release|Win32
		{2A3DB21A-21B1-4E5D-8157-6C9431FD39CB}.Debug|x64.ActiveCfg = Debug|x64
		{2A3DB21A-21B1-4E5D-8157-6C9431FD39CB}.Debug|x64.Build.0 = Debug|x64
		{2A3DB21A-21B1-4E5D-8157-6C9431FD39CB}.Debug|x86.ActiveCfg = Debug|Win32
		{2A3DB21A-21B1-4E5D-8157-6C9431FD39CB}.Debug|x86.Build.0 = Debug|Win32
		{2A3DB21A-21B1-4E5D-8157-6C9431FD39CB}.Release|x64.ActiveCfg = Release|x64
		{2A3DB21A-21B1-4E5D-8157-6C9431FD39CB}.Release|x64.Build.0 = Release|x64
		{2A3DB21A-21B1-4E5D-8157-6C9431FD39CB}.Release|x86.ActiveCfg = Release|Win32
		{2A3DB21A-21B1-4E5D-8157-6C9431FD39CB}.Release|x86.Build.0 = Release|Win32
		{2DF7CFE3-25E4-45C7-924E-3C7AD2E6D9E8}.Debug|x64.ActiveCfg = Debug|x64
		{2DF7CFE3-25E4-45C7-924E-3C7AD2E6D9E8}.Debug|x64.Build.0 = Debug|x64
		{2DF7CFE3-25E4-45C7-924E-3C7AD2E6D9E8}.Debug|x86.ActiveCfg = Debug|Win32
		{2DF7CFE3-25E4-45C7-924E-3C7AD2E6D9E8}.Debug|x86.Build.0 = Debug|Win32
		{2DF7CFE3-25E4-45C7-924E-3C7AD2E6D9E8}.Release|x64.ActiveCfg = Release|x64
		{2DF7CFE3-25E4-45C7-924E-3C7AD2E6D9E8}.Release|x64.Build.0 = Release|x64
		{2DF7CFE3-25E4-45C7-924E-3C7AD2E6D9E8}.Release|x86.ActiveCfg = Release|Win32
		{2DF7CFE3-25E4-45C7-924E-3C7AD2E6D9E8}.Release|x86.Build.0 = Release|Win32
		{278779D3-E8CD-4F50-866B-D482C174D9CA}.Debug|x64.ActiveCfg = Debug|x64
		{278779D3-E8CD-4F50-866B-D482C174D9CA}.Debug|x64.Build.0 = Debug|x64
		{278779D3-E8CD-4F50-866B-D482C174D9CA}.Debug|x86.ActiveCfg = Debug|Win32
		{278779D3-E8CD-4F50-866B-D482C174D9CA}.Debug|x86.Build.0 = Debug|Win32
		{278779D3-E8CD-4F50-866B-D482C174D9CA}.Release|x64.ActiveCfg = Release|x64
		{278779D3-E8CD-4F50-866B-D482C174D9CA}.Release|x64.Build.0 = Release|x64
		{278779D3-E8CD-4F50-866B-D482C174D9CA}.Release|x86.ActiveCfg = Release|Win32
		{278779D3-E8CD-4F50-866B-D482C174D9CA}.Release|x86.Build.0 = Release|Win32
	EndGlobalSection
	GlobalSection(SolutionProperties) = preSolution
		HideSolutionNode = FALSE
	EndGlobalSection
	GlobalSection(ExtensibilityGlobals) = postSolution
		SolutionGuid = {5AE20FB9-042A-4191-BDFA-79611282D65C}
	EndGlobalSection
EndGlobal
